
Microsoft Visual Studio Solution File, Format Version 12.00
# Visual Studio Version 16
VisualStudioVersion = 16.0.31321.278
MinimumVisualStudioVersion = 10.0.40219.1
Project("{FAE04EC0-301F-11D3-BF4B-00C04F79EFBC}") = "Snake", "Snake\Snake.csproj", "{BE93499A-CA13-489F-8B38-15EC422B5268}"
EndProject
Global
	GlobalSection(SolutionConfigurationPlatforms) = preSolution
		Debug|Any CPU = Debug|Any CPU
		Release|Any CPU = Release|Any CPU
	EndGlobalSection
	GlobalSection(ProjectConfigurationPlatforms) = postSolution
		{BE93499A-CA13-489F-8B38-15EC422B5268}.Debug|Any CPU.ActiveCfg = Debug|Any CPU
		{BE93499A-CA13-489F-8B38-15EC422B5268}.Debug|Any CPU.Build.0 = Debug|Any CPU
		{BE93499A-CA13-489F-8B38-15EC422B5268}.Release|Any CPU.ActiveCfg = Release|Any CPU
		{BE93499A-CA13-489F-8B38-15EC422B5268}.Release|Any CPU.Build.0 = Release|Any CPU
	EndGlobalSection
	GlobalSection(SolutionProperties) = preSolution
		HideSolutionNode = FALSE
	EndGlobalSection
	GlobalSection(ExtensibilityGlobals) = postSolution
		SolutionGuid = {4FF364F1-62DE-4B54-8E60-EFA59E5C27FD}
	EndGlobalSection
EndGlobal
